// !$*UTF8*$!
{
	archiveVersion = 1;
	classes = {
	};
	objectVersion = 56;
	objects = {

/* Begin PBXBuildFile section */
		BE2218552BD1E0E200977CE2 /* APIService.swift in Sources */ = {isa = PBXBuildFile; fileRef = BE2218542BD1E0E200977CE2 /* APIService.swift */; };
		BE2218582BD1E22500977CE2 /* SuggestedProductResponse.swift in Sources */ = {isa = PBXBuildFile; fileRef = BE2218572BD1E22500977CE2 /* SuggestedProductResponse.swift */; };
		BE22185A2BD1E23500977CE2 /* ProductResponse.swift in Sources */ = {isa = PBXBuildFile; fileRef = BE2218592BD1E23500977CE2 /* ProductResponse.swift */; };
		BE22185C2BD1E4B300977CE2 /* AllProductsResponse.swift in Sources */ = {isa = PBXBuildFile; fileRef = BE22185B2BD1E4B300977CE2 /* AllProductsResponse.swift */; };
		BE22185F2BD1E51B00977CE2 /* NetworkingEnums.swift in Sources */ = {isa = PBXBuildFile; fileRef = BE22185E2BD1E51B00977CE2 /* NetworkingEnums.swift */; };
		BE2218612BD1E56D00977CE2 /* MainPageInteractor.swift in Sources */ = {isa = PBXBuildFile; fileRef = BE2218602BD1E56D00977CE2 /* MainPageInteractor.swift */; };
		BE2218642BD1EF6F00977CE2 /* SDWebImage in Frameworks */ = {isa = PBXBuildFile; productRef = BE2218632BD1EF6F00977CE2 /* SDWebImage */; };
		BE2218662BD1EF6F00977CE2 /* SDWebImageMapKit in Frameworks */ = {isa = PBXBuildFile; productRef = BE2218652BD1EF6F00977CE2 /* SDWebImageMapKit */; };
		BE22186E2BD1FFAA00977CE2 /* OpenSans-SemiBold.ttf in Resources */ = {isa = PBXBuildFile; fileRef = BE22186D2BD1FFAA00977CE2 /* OpenSans-SemiBold.ttf */; };
		BEC2D2E72BD2A6B3007A982C /* DetailPageRouter.swift in Sources */ = {isa = PBXBuildFile; fileRef = BEC2D2E62BD2A6B3007A982C /* DetailPageRouter.swift */; };
		BEC2D2E92BD2AADD007A982C /* DetailPageViewController.swift in Sources */ = {isa = PBXBuildFile; fileRef = BEC2D2E82BD2AADD007A982C /* DetailPageViewController.swift */; };
		BEC2D2EB2BD2AB1A007A982C /* DetailPagePresenter.swift in Sources */ = {isa = PBXBuildFile; fileRef = BEC2D2EA2BD2AB1A007A982C /* DetailPagePresenter.swift */; };
		BED4BBA22BCF1936008FA153 /* AppDelegate.swift in Sources */ = {isa = PBXBuildFile; fileRef = BED4BBA12BCF1936008FA153 /* AppDelegate.swift */; };
		BED4BBA42BCF1936008FA153 /* SceneDelegate.swift in Sources */ = {isa = PBXBuildFile; fileRef = BED4BBA32BCF1936008FA153 /* SceneDelegate.swift */; };
		BED4BBAB2BCF1937008FA153 /* Assets.xcassets in Resources */ = {isa = PBXBuildFile; fileRef = BED4BBAA2BCF1937008FA153 /* Assets.xcassets */; };
		BED4BBAE2BCF1937008FA153 /* LaunchScreen.storyboard in Resources */ = {isa = PBXBuildFile; fileRef = BED4BBAC2BCF1937008FA153 /* LaunchScreen.storyboard */; };
		BED4BBB92BCF1DBF008FA153 /* MainPageViewController.swift in Sources */ = {isa = PBXBuildFile; fileRef = BED4BBB82BCF1DBF008FA153 /* MainPageViewController.swift */; };
		BED4BBBB2BCF1E15008FA153 /* MainPageRouter.swift in Sources */ = {isa = PBXBuildFile; fileRef = BED4BBBA2BCF1E15008FA153 /* MainPageRouter.swift */; };
		BED4BBBD2BCF1F1A008FA153 /* MainPagePresenter.swift in Sources */ = {isa = PBXBuildFile; fileRef = BED4BBBC2BCF1F1A008FA153 /* MainPagePresenter.swift */; };
		BED4BBC02BCF21A5008FA153 /* UIColor+Extensions.swift in Sources */ = {isa = PBXBuildFile; fileRef = BED4BBBF2BCF21A5008FA153 /* UIColor+Extensions.swift */; };
		BED4BBC72BCF2780008FA153 /* OpenSans-Bold.ttf in Resources */ = {isa = PBXBuildFile; fileRef = BED4BBC62BCF2780008FA153 /* OpenSans-Bold.ttf */; };
		BED4BBCA2BCF2DC0008FA153 /* CustomRoundedView.swift in Sources */ = {isa = PBXBuildFile; fileRef = BED4BBC92BCF2DC0008FA153 /* CustomRoundedView.swift */; };
		BED4BBCC2BCF3374008FA153 /* ProductCollectionViewCell.swift in Sources */ = {isa = PBXBuildFile; fileRef = BED4BBCB2BCF3374008FA153 /* ProductCollectionViewCell.swift */; };
/* End PBXBuildFile section */

/* Begin PBXFileReference section */
		BE2218542BD1E0E200977CE2 /* APIService.swift */ = {isa = PBXFileReference; lastKnownFileType = sourcecode.swift; path = APIService.swift; sourceTree = "<group>"; };
		BE2218572BD1E22500977CE2 /* SuggestedProductResponse.swift */ = {isa = PBXFileReference; lastKnownFileType = sourcecode.swift; path = SuggestedProductResponse.swift; sourceTree = "<group>"; };
		BE2218592BD1E23500977CE2 /* ProductResponse.swift */ = {isa = PBXFileReference; lastKnownFileType = sourcecode.swift; path = ProductResponse.swift; sourceTree = "<group>"; };
		BE22185B2BD1E4B300977CE2 /* AllProductsResponse.swift */ = {isa = PBXFileReference; lastKnownFileType = sourcecode.swift; path = AllProductsResponse.swift; sourceTree = "<group>"; };
		BE22185E2BD1E51B00977CE2 /* NetworkingEnums.swift */ = {isa = PBXFileReference; lastKnownFileType = sourcecode.swift; path = NetworkingEnums.swift; sourceTree = "<group>"; };
		BE2218602BD1E56D00977CE2 /* MainPageInteractor.swift */ = {isa = PBXFileReference; lastKnownFileType = sourcecode.swift; path = MainPageInteractor.swift; sourceTree = "<group>"; };
		BE22186D2BD1FFAA00977CE2 /* OpenSans-SemiBold.ttf */ = {isa = PBXFileReference; lastKnownFileType = file; path = "OpenSans-SemiBold.ttf"; sourceTree = "<group>"; };
		BEC2D2E62BD2A6B3007A982C /* DetailPageRouter.swift */ = {isa = PBXFileReference; lastKnownFileType = sourcecode.swift; path = DetailPageRouter.swift; sourceTree = "<group>"; };
		BEC2D2E82BD2AADD007A982C /* DetailPageViewController.swift */ = {isa = PBXFileReference; lastKnownFileType = sourcecode.swift; path = DetailPageViewController.swift; sourceTree = "<group>"; };
		BEC2D2EA2BD2AB1A007A982C /* DetailPagePresenter.swift */ = {isa = PBXFileReference; lastKnownFileType = sourcecode.swift; path = DetailPagePresenter.swift; sourceTree = "<group>"; };
		BED4BB9E2BCF1936008FA153 /* getirFinalProject.app */ = {isa = PBXFileReference; explicitFileType = wrapper.application; includeInIndex = 0; path = getirFinalProject.app; sourceTree = BUILT_PRODUCTS_DIR; };
		BED4BBA12BCF1936008FA153 /* AppDelegate.swift */ = {isa = PBXFileReference; lastKnownFileType = sourcecode.swift; path = AppDelegate.swift; sourceTree = "<group>"; };
		BED4BBA32BCF1936008FA153 /* SceneDelegate.swift */ = {isa = PBXFileReference; lastKnownFileType = sourcecode.swift; path = SceneDelegate.swift; sourceTree = "<group>"; };
		BED4BBAA2BCF1937008FA153 /* Assets.xcassets */ = {isa = PBXFileReference; lastKnownFileType = folder.assetcatalog; path = Assets.xcassets; sourceTree = "<group>"; };
		BED4BBAD2BCF1937008FA153 /* Base */ = {isa = PBXFileReference; lastKnownFileType = file.storyboard; name = Base; path = Base.lproj/LaunchScreen.storyboard; sourceTree = "<group>"; };
		BED4BBAF2BCF1937008FA153 /* Info.plist */ = {isa = PBXFileReference; lastKnownFileType = text.plist.xml; path = Info.plist; sourceTree = "<group>"; };
		BED4BBB82BCF1DBF008FA153 /* MainPageViewController.swift */ = {isa = PBXFileReference; lastKnownFileType = sourcecode.swift; path = MainPageViewController.swift; sourceTree = "<group>"; };
		BED4BBBA2BCF1E15008FA153 /* MainPageRouter.swift */ = {isa = PBXFileReference; lastKnownFileType = sourcecode.swift; path = MainPageRouter.swift; sourceTree = "<group>"; };
		BED4BBBC2BCF1F1A008FA153 /* MainPagePresenter.swift */ = {isa = PBXFileReference; lastKnownFileType = sourcecode.swift; path = MainPagePresenter.swift; sourceTree = "<group>"; };
		BED4BBBF2BCF21A5008FA153 /* UIColor+Extensions.swift */ = {isa = PBXFileReference; lastKnownFileType = sourcecode.swift; path = "UIColor+Extensions.swift"; sourceTree = "<group>"; };
		BED4BBC62BCF2780008FA153 /* OpenSans-Bold.ttf */ = {isa = PBXFileReference; lastKnownFileType = file; name = "OpenSans-Bold.ttf"; path = "../../../../../Downloads/Open_Sans/static/OpenSans-Bold.ttf"; sourceTree = "<group>"; };
		BED4BBC92BCF2DC0008FA153 /* CustomRoundedView.swift */ = {isa = PBXFileReference; lastKnownFileType = sourcecode.swift; path = CustomRoundedView.swift; sourceTree = "<group>"; };
		BED4BBCB2BCF3374008FA153 /* ProductCollectionViewCell.swift */ = {isa = PBXFileReference; lastKnownFileType = sourcecode.swift; path = ProductCollectionViewCell.swift; sourceTree = "<group>"; };
/* End PBXFileReference section */

/* Begin PBXFrameworksBuildPhase section */
		BED4BB9B2BCF1936008FA153 /* Frameworks */ = {
			isa = PBXFrameworksBuildPhase;
			buildActionMask = 2147483647;
			files = (
				BE2218662BD1EF6F00977CE2 /* SDWebImageMapKit in Frameworks */,
				BE2218642BD1EF6F00977CE2 /* SDWebImage in Frameworks */,
			);
			runOnlyForDeploymentPostprocessing = 0;
		};
/* End PBXFrameworksBuildPhase section */

/* Begin PBXGroup section */
		BE2218532BD1E0CC00977CE2 /* Networking */ = {
			isa = PBXGroup;
			children = (
				BE2218542BD1E0E200977CE2 /* APIService.swift */,
				BE2218562BD1E0F900977CE2 /* Entity */,
			);
			path = Networking;
			sourceTree = "<group>";
		};
		BE2218562BD1E0F900977CE2 /* Entity */ = {
			isa = PBXGroup;
			children = (
				BE2218572BD1E22500977CE2 /* SuggestedProductResponse.swift */,
				BE2218592BD1E23500977CE2 /* ProductResponse.swift */,
				BE22185B2BD1E4B300977CE2 /* AllProductsResponse.swift */,
			);
			path = Entity;
			sourceTree = "<group>";
		};
		BE22185D2BD1E50400977CE2 /* Enums */ = {
			isa = PBXGroup;
			children = (
				BE22185E2BD1E51B00977CE2 /* NetworkingEnums.swift */,
			);
			path = Enums;
			sourceTree = "<group>";
		};
		BED4BB952BCF1936008FA153 = {
			isa = PBXGroup;
			children = (
				BED4BBA02BCF1936008FA153 /* getirFinalProject */,
				BED4BB9F2BCF1936008FA153 /* Products */,
			);
			sourceTree = "<group>";
		};
		BED4BB9F2BCF1936008FA153 /* Products */ = {
			isa = PBXGroup;
			children = (
				BED4BB9E2BCF1936008FA153 /* getirFinalProject.app */,
			);
			name = Products;
			sourceTree = "<group>";
		};
		BED4BBA02BCF1936008FA153 /* getirFinalProject */ = {
			isa = PBXGroup;
			children = (
				BE22185D2BD1E50400977CE2 /* Enums */,
				BE2218532BD1E0CC00977CE2 /* Networking */,
				BED4BBC82BCF2DAE008FA153 /* Components */,
				BED4BBBE2BCF2196008FA153 /* Colors */,
				BED4BBB52BCF1D8A008FA153 /* Modules */,
				BED4BBA12BCF1936008FA153 /* AppDelegate.swift */,
				BED4BBA32BCF1936008FA153 /* SceneDelegate.swift */,
				BED4BBAA2BCF1937008FA153 /* Assets.xcassets */,
				BED4BBAC2BCF1937008FA153 /* LaunchScreen.storyboard */,
				BED4BBAF2BCF1937008FA153 /* Info.plist */,
				BED4BBC22BCF25EC008FA153 /* Fonts */,
			);
			path = getirFinalProject;
			sourceTree = "<group>";
		};
		BED4BBB52BCF1D8A008FA153 /* Modules */ = {
			isa = PBXGroup;
			children = (
				BED4BBB72BCF1D9F008FA153 /* DetailsPage */,
				BED4BBB62BCF1D96008FA153 /* MainPage */,
			);
			path = Modules;
			sourceTree = "<group>";
		};
		BED4BBB62BCF1D96008FA153 /* MainPage */ = {
			isa = PBXGroup;
			children = (
				BED4BBB82BCF1DBF008FA153 /* MainPageViewController.swift */,
				BED4BBBA2BCF1E15008FA153 /* MainPageRouter.swift */,
				BED4BBBC2BCF1F1A008FA153 /* MainPagePresenter.swift */,
				BED4BBCB2BCF3374008FA153 /* ProductCollectionViewCell.swift */,
				BE2218602BD1E56D00977CE2 /* MainPageInteractor.swift */,
			);
			path = MainPage;
			sourceTree = "<group>";
		};
		BED4BBB72BCF1D9F008FA153 /* DetailsPage */ = {
			isa = PBXGroup;
			children = (
				BEC2D2E62BD2A6B3007A982C /* DetailPageRouter.swift */,
				BEC2D2E82BD2AADD007A982C /* DetailPageViewController.swift */,
				BEC2D2EA2BD2AB1A007A982C /* DetailPagePresenter.swift */,
			);
			path = DetailsPage;
			sourceTree = "<group>";
		};
		BED4BBBE2BCF2196008FA153 /* Colors */ = {
			isa = PBXGroup;
			children = (
				BED4BBBF2BCF21A5008FA153 /* UIColor+Extensions.swift */,
			);
			path = Colors;
			sourceTree = "<group>";
		};
		BED4BBC22BCF25EC008FA153 /* Fonts */ = {
			isa = PBXGroup;
			children = (
				BE22186D2BD1FFAA00977CE2 /* OpenSans-SemiBold.ttf */,
				BED4BBC62BCF2780008FA153 /* OpenSans-Bold.ttf */,
			);
			path = Fonts;
			sourceTree = "<group>";
		};
		BED4BBC82BCF2DAE008FA153 /* Components */ = {
			isa = PBXGroup;
			children = (
				BED4BBC92BCF2DC0008FA153 /* CustomRoundedView.swift */,
			);
			path = Components;
			sourceTree = "<group>";
		};
/* End PBXGroup section */

/* Begin PBXNativeTarget section */
		BED4BB9D2BCF1936008FA153 /* getirFinalProject */ = {
			isa = PBXNativeTarget;
			buildConfigurationList = BED4BBB22BCF1937008FA153 /* Build configuration list for PBXNativeTarget "getirFinalProject" */;
			buildPhases = (
				BED4BB9A2BCF1936008FA153 /* Sources */,
				BED4BB9B2BCF1936008FA153 /* Frameworks */,
				BED4BB9C2BCF1936008FA153 /* Resources */,
			);
			buildRules = (
			);
			dependencies = (
			);
			name = getirFinalProject;
			packageProductDependencies = (
				BE2218632BD1EF6F00977CE2 /* SDWebImage */,
				BE2218652BD1EF6F00977CE2 /* SDWebImageMapKit */,
			);
			productName = getirFinalProject;
			productReference = BED4BB9E2BCF1936008FA153 /* getirFinalProject.app */;
			productType = "com.apple.product-type.application";
		};
/* End PBXNativeTarget section */

/* Begin PBXProject section */
		BED4BB962BCF1936008FA153 /* Project object */ = {
			isa = PBXProject;
			attributes = {
				BuildIndependentTargetsInParallel = 1;
				LastSwiftUpdateCheck = 1510;
				LastUpgradeCheck = 1510;
				TargetAttributes = {
					BED4BB9D2BCF1936008FA153 = {
						CreatedOnToolsVersion = 15.1;
					};
				};
			};
			buildConfigurationList = BED4BB992BCF1936008FA153 /* Build configuration list for PBXProject "getirFinalProject" */;
			compatibilityVersion = "Xcode 14.0";
			developmentRegion = en;
			hasScannedForEncodings = 0;
			knownRegions = (
				en,
				Base,
			);
			mainGroup = BED4BB952BCF1936008FA153;
			packageReferences = (
				BE2218622BD1EF6F00977CE2 /* XCRemoteSwiftPackageReference "SDWebImage" */,
			);
			productRefGroup = BED4BB9F2BCF1936008FA153 /* Products */;
			projectDirPath = "";
			projectRoot = "";
			targets = (
				BED4BB9D2BCF1936008FA153 /* getirFinalProject */,
			);
		};
/* End PBXProject section */

/* Begin PBXResourcesBuildPhase section */
		BED4BB9C2BCF1936008FA153 /* Resources */ = {
			isa = PBXResourcesBuildPhase;
			buildActionMask = 2147483647;
			files = (
				BE22186E2BD1FFAA00977CE2 /* OpenSans-SemiBold.ttf in Resources */,
				BED4BBAE2BCF1937008FA153 /* LaunchScreen.storyboard in Resources */,
				BED4BBAB2BCF1937008FA153 /* Assets.xcassets in Resources */,
				BED4BBC72BCF2780008FA153 /* OpenSans-Bold.ttf in Resources */,
			);
			runOnlyForDeploymentPostprocessing = 0;
		};
/* End PBXResourcesBuildPhase section */

/* Begin PBXSourcesBuildPhase section */
		BED4BB9A2BCF1936008FA153 /* Sources */ = {
			isa = PBXSourcesBuildPhase;
			buildActionMask = 2147483647;
			files = (
				BED4BBBD2BCF1F1A008FA153 /* MainPagePresenter.swift in Sources */,
				BE22185A2BD1E23500977CE2 /* ProductResponse.swift in Sources */,
				BEC2D2E72BD2A6B3007A982C /* DetailPageRouter.swift in Sources */,
				BED4BBB92BCF1DBF008FA153 /* MainPageViewController.swift in Sources */,
				BED4BBCC2BCF3374008FA153 /* ProductCollectionViewCell.swift in Sources */,
				BE2218582BD1E22500977CE2 /* SuggestedProductResponse.swift in Sources */,
				BED4BBBB2BCF1E15008FA153 /* MainPageRouter.swift in Sources */,
				BE22185F2BD1E51B00977CE2 /* NetworkingEnums.swift in Sources */,
				BEC2D2EB2BD2AB1A007A982C /* DetailPagePresenter.swift in Sources */,
				BEC2D2E92BD2AADD007A982C /* DetailPageViewController.swift in Sources */,
				BED4BBC02BCF21A5008FA153 /* UIColor+Extensions.swift in Sources */,
				BE2218612BD1E56D00977CE2 /* MainPageInteractor.swift in Sources */,
				BED4BBA22BCF1936008FA153 /* AppDelegate.swift in Sources */,
				BE22185C2BD1E4B300977CE2 /* AllProductsResponse.swift in Sources */,
				BED4BBA42BCF1936008FA153 /* SceneDelegate.swift in Sources */,
				BE2218552BD1E0E200977CE2 /* APIService.swift in Sources */,
				BED4BBCA2BCF2DC0008FA153 /* CustomRoundedView.swift in Sources */,
			);
			runOnlyForDeploymentPostprocessing = 0;
		};
/* End PBXSourcesBuildPhase section */

/* Begin PBXVariantGroup section */
		BED4BBAC2BCF1937008FA153 /* LaunchScreen.storyboard */ = {
			isa = PBXVariantGroup;
			children = (
				BED4BBAD2BCF1937008FA153 /* Base */,
			);
			name = LaunchScreen.storyboard;
			sourceTree = "<group>";
		};
/* End PBXVariantGroup section */

/* Begin XCBuildConfiguration section */
		BED4BBB02BCF1937008FA153 /* Debug */ = {
			isa = XCBuildConfiguration;
			buildSettings = {
				ALWAYS_SEARCH_USER_PATHS = NO;
				ASSETCATALOG_COMPILER_GENERATE_SWIFT_ASSET_SYMBOL_EXTENSIONS = YES;
				CLANG_ANALYZER_NONNULL = YES;
				CLANG_ANALYZER_NUMBER_OBJECT_CONVERSION = YES_AGGRESSIVE;
				CLANG_CXX_LANGUAGE_STANDARD = "gnu++20";
				CLANG_ENABLE_MODULES = YES;
				CLANG_ENABLE_OBJC_ARC = YES;
				CLANG_ENABLE_OBJC_WEAK = YES;
				CLANG_WARN_BLOCK_CAPTURE_AUTORELEASING = YES;
				CLANG_WARN_BOOL_CONVERSION = YES;
				CLANG_WARN_COMMA = YES;
				CLANG_WARN_CONSTANT_CONVERSION = YES;
				CLANG_WARN_DEPRECATED_OBJC_IMPLEMENTATIONS = YES;
				CLANG_WARN_DIRECT_OBJC_ISA_USAGE = YES_ERROR;
				CLANG_WARN_DOCUMENTATION_COMMENTS = YES;
				CLANG_WARN_EMPTY_BODY = YES;
				CLANG_WARN_ENUM_CONVERSION = YES;
				CLANG_WARN_INFINITE_RECURSION = YES;
				CLANG_WARN_INT_CONVERSION = YES;
				CLANG_WARN_NON_LITERAL_NULL_CONVERSION = YES;
				CLANG_WARN_OBJC_IMPLICIT_RETAIN_SELF = YES;
				CLANG_WARN_OBJC_LITERAL_CONVERSION = YES;
				CLANG_WARN_OBJC_ROOT_CLASS = YES_ERROR;
				CLANG_WARN_QUOTED_INCLUDE_IN_FRAMEWORK_HEADER = YES;
				CLANG_WARN_RANGE_LOOP_ANALYSIS = YES;
				CLANG_WARN_STRICT_PROTOTYPES = YES;
				CLANG_WARN_SUSPICIOUS_MOVE = YES;
				CLANG_WARN_UNGUARDED_AVAILABILITY = YES_AGGRESSIVE;
				CLANG_WARN_UNREACHABLE_CODE = YES;
				CLANG_WARN__DUPLICATE_METHOD_MATCH = YES;
				COPY_PHASE_STRIP = NO;
				DEBUG_INFORMATION_FORMAT = dwarf;
				ENABLE_STRICT_OBJC_MSGSEND = YES;
				ENABLE_TESTABILITY = YES;
				ENABLE_USER_SCRIPT_SANDBOXING = YES;
				GCC_C_LANGUAGE_STANDARD = gnu17;
				GCC_DYNAMIC_NO_PIC = NO;
				GCC_NO_COMMON_BLOCKS = YES;
				GCC_OPTIMIZATION_LEVEL = 0;
				GCC_PREPROCESSOR_DEFINITIONS = (
					"DEBUG=1",
					"$(inherited)",
				);
				GCC_WARN_64_TO_32_BIT_CONVERSION = YES;
				GCC_WARN_ABOUT_RETURN_TYPE = YES_ERROR;
				GCC_WARN_UNDECLARED_SELECTOR = YES;
				GCC_WARN_UNINITIALIZED_AUTOS = YES_AGGRESSIVE;
				GCC_WARN_UNUSED_FUNCTION = YES;
				GCC_WARN_UNUSED_VARIABLE = YES;
				IPHONEOS_DEPLOYMENT_TARGET = 17.2;
				LOCALIZATION_PREFERS_STRING_CATALOGS = YES;
				MTL_ENABLE_DEBUG_INFO = INCLUDE_SOURCE;
				MTL_FAST_MATH = YES;
				ONLY_ACTIVE_ARCH = YES;
				SDKROOT = iphoneos;
				SWIFT_ACTIVE_COMPILATION_CONDITIONS = "DEBUG $(inherited)";
				SWIFT_OPTIMIZATION_LEVEL = "-Onone";
			};
			name = Debug;
		};
		BED4BBB12BCF1937008FA153 /* Release */ = {
			isa = XCBuildConfiguration;
			buildSettings = {
				ALWAYS_SEARCH_USER_PATHS = NO;
				ASSETCATALOG_COMPILER_GENERATE_SWIFT_ASSET_SYMBOL_EXTENSIONS = YES;
				CLANG_ANALYZER_NONNULL = YES;
				CLANG_ANALYZER_NUMBER_OBJECT_CONVERSION = YES_AGGRESSIVE;
				CLANG_CXX_LANGUAGE_STANDARD = "gnu++20";
				CLANG_ENABLE_MODULES = YES;
				CLANG_ENABLE_OBJC_ARC = YES;
				CLANG_ENABLE_OBJC_WEAK = YES;
				CLANG_WARN_BLOCK_CAPTURE_AUTORELEASING = YES;
				CLANG_WARN_BOOL_CONVERSION = YES;
				CLANG_WARN_COMMA = YES;
				CLANG_WARN_CONSTANT_CONVERSION = YES;
				CLANG_WARN_DEPRECATED_OBJC_IMPLEMENTATIONS = YES;
				CLANG_WARN_DIRECT_OBJC_ISA_USAGE = YES_ERROR;
				CLANG_WARN_DOCUMENTATION_COMMENTS = YES;
				CLANG_WARN_EMPTY_BODY = YES;
				CLANG_WARN_ENUM_CONVERSION = YES;
				CLANG_WARN_INFINITE_RECURSION = YES;
				CLANG_WARN_INT_CONVERSION = YES;
				CLANG_WARN_NON_LITERAL_NULL_CONVERSION = YES;
				CLANG_WARN_OBJC_IMPLICIT_RETAIN_SELF = YES;
				CLANG_WARN_OBJC_LITERAL_CONVERSION = YES;
				CLANG_WARN_OBJC_ROOT_CLASS = YES_ERROR;
				CLANG_WARN_QUOTED_INCLUDE_IN_FRAMEWORK_HEADER = YES;
				CLANG_WARN_RANGE_LOOP_ANALYSIS = YES;
				CLANG_WARN_STRICT_PROTOTYPES = YES;
				CLANG_WARN_SUSPICIOUS_MOVE = YES;
				CLANG_WARN_UNGUARDED_AVAILABILITY = YES_AGGRESSIVE;
				CLANG_WARN_UNREACHABLE_CODE = YES;
				CLANG_WARN__DUPLICATE_METHOD_MATCH = YES;
				COPY_PHASE_STRIP = NO;
				DEBUG_INFORMATION_FORMAT = "dwarf-with-dsym";
				ENABLE_NS_ASSERTIONS = NO;
				ENABLE_STRICT_OBJC_MSGSEND = YES;
				ENABLE_USER_SCRIPT_SANDBOXING = YES;
				GCC_C_LANGUAGE_STANDARD = gnu17;
				GCC_NO_COMMON_BLOCKS = YES;
				GCC_WARN_64_TO_32_BIT_CONVERSION = YES;
				GCC_WARN_ABOUT_RETURN_TYPE = YES_ERROR;
				GCC_WARN_UNDECLARED_SELECTOR = YES;
				GCC_WARN_UNINITIALIZED_AUTOS = YES_AGGRESSIVE;
				GCC_WARN_UNUSED_FUNCTION = YES;
				GCC_WARN_UNUSED_VARIABLE = YES;
				IPHONEOS_DEPLOYMENT_TARGET = 17.2;
				LOCALIZATION_PREFERS_STRING_CATALOGS = YES;
				MTL_ENABLE_DEBUG_INFO = NO;
				MTL_FAST_MATH = YES;
				SDKROOT = iphoneos;
				SWIFT_COMPILATION_MODE = wholemodule;
				VALIDATE_PRODUCT = YES;
			};
			name = Release;
		};
		BED4BBB32BCF1937008FA153 /* Debug */ = {
			isa = XCBuildConfiguration;
			buildSettings = {
				ASSETCATALOG_COMPILER_APPICON_NAME = AppIcon;
				ASSETCATALOG_COMPILER_GLOBAL_ACCENT_COLOR_NAME = AccentColor;
				CODE_SIGN_STYLE = Automatic;
				CURRENT_PROJECT_VERSION = 1;
				GENERATE_INFOPLIST_FILE = YES;
				INFOPLIST_FILE = getirFinalProject/Info.plist;
				INFOPLIST_KEY_UIApplicationSupportsIndirectInputEvents = YES;
				INFOPLIST_KEY_UILaunchStoryboardName = LaunchScreen;
				INFOPLIST_KEY_UISupportedInterfaceOrientations_iPad = "UIInterfaceOrientationPortrait UIInterfaceOrientationPortraitUpsideDown UIInterfaceOrientationLandscapeLeft UIInterfaceOrientationLandscapeRight";
				INFOPLIST_KEY_UISupportedInterfaceOrientations_iPhone = "UIInterfaceOrientationPortrait UIInterfaceOrientationLandscapeLeft UIInterfaceOrientationLandscapeRight";
				LD_RUNPATH_SEARCH_PATHS = (
					"$(inherited)",
					"@executable_path/Frameworks",
				);
				MARKETING_VERSION = 1.0;
				PRODUCT_BUNDLE_IDENTIFIER = okanaslan.getirFinalProject;
				PRODUCT_NAME = "$(TARGET_NAME)";
				SWIFT_EMIT_LOC_STRINGS = YES;
				SWIFT_VERSION = 5.0;
				TARGETED_DEVICE_FAMILY = "1,2";
			};
			name = Debug;
		};
		BED4BBB42BCF1937008FA153 /* Release */ = {
			isa = XCBuildConfiguration;
			buildSettings = {
				ASSETCATALOG_COMPILER_APPICON_NAME = AppIcon;
				ASSETCATALOG_COMPILER_GLOBAL_ACCENT_COLOR_NAME = AccentColor;
				CODE_SIGN_STYLE = Automatic;
				CURRENT_PROJECT_VERSION = 1;
				GENERATE_INFOPLIST_FILE = YES;
				INFOPLIST_FILE = getirFinalProject/Info.plist;
				INFOPLIST_KEY_UIApplicationSupportsIndirectInputEvents = YES;
				INFOPLIST_KEY_UILaunchStoryboardName = LaunchScreen;
				INFOPLIST_KEY_UISupportedInterfaceOrientations_iPad = "UIInterfaceOrientationPortrait UIInterfaceOrientationPortraitUpsideDown UIInterfaceOrientationLandscapeLeft UIInterfaceOrientationLandscapeRight";
				INFOPLIST_KEY_UISupportedInterfaceOrientations_iPhone = "UIInterfaceOrientationPortrait UIInterfaceOrientationLandscapeLeft UIInterfaceOrientationLandscapeRight";
				LD_RUNPATH_SEARCH_PATHS = (
					"$(inherited)",
					"@executable_path/Frameworks",
				);
				MARKETING_VERSION = 1.0;
				PRODUCT_BUNDLE_IDENTIFIER = okanaslan.getirFinalProject;
				PRODUCT_NAME = "$(TARGET_NAME)";
				SWIFT_EMIT_LOC_STRINGS = YES;
				SWIFT_VERSION = 5.0;
				TARGETED_DEVICE_FAMILY = "1,2";
			};
			name = Release;
		};
/* End XCBuildConfiguration section */

/* Begin XCConfigurationList section */
		BED4BB992BCF1936008FA153 /* Build configuration list for PBXProject "getirFinalProject" */ = {
			isa = XCConfigurationList;
			buildConfigurations = (
				BED4BBB02BCF1937008FA153 /* Debug */,
				BED4BBB12BCF1937008FA153 /* Release */,
			);
			defaultConfigurationIsVisible = 0;
			defaultConfigurationName = Release;
		};
		BED4BBB22BCF1937008FA153 /* Build configuration list for PBXNativeTarget "getirFinalProject" */ = {
			isa = XCConfigurationList;
			buildConfigurations = (
				BED4BBB32BCF1937008FA153 /* Debug */,
				BED4BBB42BCF1937008FA153 /* Release */,
			);
			defaultConfigurationIsVisible = 0;
			defaultConfigurationName = Release;
		};
/* End XCConfigurationList section */

/* Begin XCRemoteSwiftPackageReference section */
		BE2218622BD1EF6F00977CE2 /* XCRemoteSwiftPackageReference "SDWebImage" */ = {
			isa = XCRemoteSwiftPackageReference;
			repositoryURL = "https://github.com/SDWebImage/SDWebImage.git";
			requirement = {
				kind = exactVersion;
				version = 5.19.1;
			};
		};
/* End XCRemoteSwiftPackageReference section */

/* Begin XCSwiftPackageProductDependency section */
		BE2218632BD1EF6F00977CE2 /* SDWebImage */ = {
			isa = XCSwiftPackageProductDependency;
			package = BE2218622BD1EF6F00977CE2 /* XCRemoteSwiftPackageReference "SDWebImage" */;
			productName = SDWebImage;
		};
		BE2218652BD1EF6F00977CE2 /* SDWebImageMapKit */ = {
			isa = XCSwiftPackageProductDependency;
			package = BE2218622BD1EF6F00977CE2 /* XCRemoteSwiftPackageReference "SDWebImage" */;
			productName = SDWebImageMapKit;
		};
/* End XCSwiftPackageProductDependency section */
	};
	rootObject = BED4BB962BCF1936008FA153 /* Project object */;
}
